
Microsoft Visual Studio Solution File, Format Version 12.00
# Visual Studio Version 16
VisualStudioVersion = 16.0.30011.22
MinimumVisualStudioVersion = 10.0.40219.1
Project("{8BC9CEB8-8B4A-11D0-8D11-00A0C91BC942}") = "echo_client_win", "echo_client_win\echo_client_win.vcxproj", "{3BB9D338-4328-41E5-A6EE-24A84849FB8D}"
EndProject
Global
	GlobalSection(SolutionConfigurationPlatforms) = preSolution
		Debug|x64 = Debug|x64
		Debug|x86 = Debug|x86
		Release|x64 = Release|x64
		Release|x86 = Release|x86
	EndGlobalSection
	GlobalSection(ProjectConfigurationPlatforms) = postSolution
		{3BB9D338-4328-41E5-A6EE-24A84849FB8D}.Debug|x64.ActiveCfg = Debug|x64
		{3BB9D338-4328-41E5-A6EE-24A84849FB8D}.Debug|x64.Build.0 = Debug|x64
		{3BB9D338-4328-41E5-A6EE-24A84849FB8D}.Debug|x86.ActiveCfg = Debug|Win32
		{3BB9D338-4328-41E5-A6EE-24A84849FB8D}.Debug|x86.Build.0 = Debug|Win32
		{3BB9D338-4328-41E5-A6EE-24A84849FB8D}.Release|x64.ActiveCfg = Release|x64
		{3BB9D338-4328-41E5-A6EE-24A84849FB8D}.Release|x64.Build.0 = Release|x64
		{3BB9D338-4328-41E5-A6EE-24A84849FB8D}.Release|x86.ActiveCfg = Release|Win32
		{3BB9D338-4328-41E5-A6EE-24A84849FB8D}.Release|x86.Build.0 = Release|Win32
	EndGlobalSection
	GlobalSection(SolutionProperties) = preSolution
		HideSolutionNode = FALSE
	EndGlobalSection
	GlobalSection(ExtensibilityGlobals) = postSolution
		SolutionGuid = {8C9FD069-1F34-4608-BDA1-D8BD889F1ACE}
	EndGlobalSection
EndGlobal
